// !$*UTF8*$!
{
	archiveVersion = 1;
	classes = {
	};
	objectVersion = 56;
	objects = {

/* Begin PBXBuildFile section */
		D85804292AC7412200AF3F15 /* InfoListingApp.swift in Sources */ = {isa = PBXBuildFile; fileRef = D85804282AC7412200AF3F15 /* InfoListingApp.swift */; };
		D858042B2AC7412200AF3F15 /* ListingView.swift in Sources */ = {isa = PBXBuildFile; fileRef = D858042A2AC7412200AF3F15 /* ListingView.swift */; };
		D858042D2AC7412300AF3F15 /* Assets.xcassets in Resources */ = {isa = PBXBuildFile; fileRef = D858042C2AC7412300AF3F15 /* Assets.xcassets */; };
		D85804302AC7412300AF3F15 /* Preview Assets.xcassets in Resources */ = {isa = PBXBuildFile; fileRef = D858042F2AC7412300AF3F15 /* Preview Assets.xcassets */; };
		D85804392AC7416500AF3F15 /* InfoItem.swift in Sources */ = {isa = PBXBuildFile; fileRef = D85804382AC7416500AF3F15 /* InfoItem.swift */; };
		D858043B2AC7417B00AF3F15 /* NetworkManager.swift in Sources */ = {isa = PBXBuildFile; fileRef = D858043A2AC7417B00AF3F15 /* NetworkManager.swift */; };
		D858043D2AC742B000AF3F15 /* ListingViewModel.swift in Sources */ = {isa = PBXBuildFile; fileRef = D858043C2AC742B000AF3F15 /* ListingViewModel.swift */; };
		D85804542AC7717500AF3F15 /* NetworkManagerTest.swift in Sources */ = {isa = PBXBuildFile; fileRef = D85804532AC7717500AF3F15 /* NetworkManagerTest.swift */; };
/* End PBXBuildFile section */

/* Begin PBXContainerItemProxy section */
		D858044E2AC7716800AF3F15 /* PBXContainerItemProxy */ = {
			isa = PBXContainerItemProxy;
			containerPortal = D858041D2AC7412200AF3F15 /* Project object */;
			proxyType = 1;
			remoteGlobalIDString = D85804242AC7412200AF3F15;
			remoteInfo = InfoListing;
		};
/* End PBXContainerItemProxy section */

/* Begin PBXFileReference section */
		D85804252AC7412200AF3F15 /* InfoListing.app */ = {isa = PBXFileReference; explicitFileType = wrapper.application; includeInIndex = 0; path = InfoListing.app; sourceTree = BUILT_PRODUCTS_DIR; };
		D85804282AC7412200AF3F15 /* InfoListingApp.swift */ = {isa = PBXFileReference; lastKnownFileType = sourcecode.swift; path = InfoListingApp.swift; sourceTree = "<group>"; };
		D858042A2AC7412200AF3F15 /* ListingView.swift */ = {isa = PBXFileReference; lastKnownFileType = sourcecode.swift; path = ListingView.swift; sourceTree = "<group>"; };
		D858042C2AC7412300AF3F15 /* Assets.xcassets */ = {isa = PBXFileReference; lastKnownFileType = folder.assetcatalog; path = Assets.xcassets; sourceTree = "<group>"; };
		D858042F2AC7412300AF3F15 /* Preview Assets.xcassets */ = {isa = PBXFileReference; lastKnownFileType = folder.assetcatalog; path = "Preview Assets.xcassets"; sourceTree = "<group>"; };
		D85804382AC7416500AF3F15 /* InfoItem.swift */ = {isa = PBXFileReference; lastKnownFileType = sourcecode.swift; path = InfoItem.swift; sourceTree = "<group>"; };
		D858043A2AC7417B00AF3F15 /* NetworkManager.swift */ = {isa = PBXFileReference; lastKnownFileType = sourcecode.swift; path = NetworkManager.swift; sourceTree = "<group>"; };
		D858043C2AC742B000AF3F15 /* ListingViewModel.swift */ = {isa = PBXFileReference; lastKnownFileType = sourcecode.swift; path = ListingViewModel.swift; sourceTree = "<group>"; };
		D858044A2AC7716800AF3F15 /* InfoListingTests.xctest */ = {isa = PBXFileReference; explicitFileType = wrapper.cfbundle; includeInIndex = 0; path = InfoListingTests.xctest; sourceTree = BUILT_PRODUCTS_DIR; };
		D85804532AC7717500AF3F15 /* NetworkManagerTest.swift */ = {isa = PBXFileReference; lastKnownFileType = sourcecode.swift; path = NetworkManagerTest.swift; sourceTree = "<group>"; };
/* End PBXFileReference section */

/* Begin PBXFrameworksBuildPhase section */
		D85804222AC7412200AF3F15 /* Frameworks */ = {
			isa = PBXFrameworksBuildPhase;
			buildActionMask = 2147483647;
			files = (
			);
			runOnlyForDeploymentPostprocessing = 0;
		};
		D85804472AC7716800AF3F15 /* Frameworks */ = {
			isa = PBXFrameworksBuildPhase;
			buildActionMask = 2147483647;
			files = (
			);
			runOnlyForDeploymentPostprocessing = 0;
		};
/* End PBXFrameworksBuildPhase section */

/* Begin PBXGroup section */
		D858041C2AC7412200AF3F15 = {
			isa = PBXGroup;
			children = (
				D85804272AC7412200AF3F15 /* InfoListing */,
				D858044B2AC7716800AF3F15 /* InfoListingTests */,
				D85804262AC7412200AF3F15 /* Products */,
			);
			sourceTree = "<group>";
		};
		D85804262AC7412200AF3F15 /* Products */ = {
			isa = PBXGroup;
			children = (
				D85804252AC7412200AF3F15 /* InfoListing.app */,
				D858044A2AC7716800AF3F15 /* InfoListingTests.xctest */,
			);
			name = Products;
			sourceTree = "<group>";
		};
		D85804272AC7412200AF3F15 /* InfoListing */ = {
			isa = PBXGroup;
			children = (
				D85804422AC7710200AF3F15 /* UI */,
				D85804372AC7415200AF3F15 /* Network */,
				D85804282AC7412200AF3F15 /* InfoListingApp.swift */,
				D858042C2AC7412300AF3F15 /* Assets.xcassets */,
				D858042E2AC7412300AF3F15 /* Preview Content */,
			);
			path = InfoListing;
			sourceTree = "<group>";
		};
		D858042E2AC7412300AF3F15 /* Preview Content */ = {
			isa = PBXGroup;
			children = (
				D858042F2AC7412300AF3F15 /* Preview Assets.xcassets */,
			);
			path = "Preview Content";
			sourceTree = "<group>";
		};
		D85804372AC7415200AF3F15 /* Network */ = {
			isa = PBXGroup;
			children = (
				D85804382AC7416500AF3F15 /* InfoItem.swift */,
				D858043A2AC7417B00AF3F15 /* NetworkManager.swift */,
			);
			path = Network;
			sourceTree = "<group>";
		};
		D85804422AC7710200AF3F15 /* UI */ = {
			isa = PBXGroup;
			children = (
				D858042A2AC7412200AF3F15 /* ListingView.swift */,
				D858043C2AC742B000AF3F15 /* ListingViewModel.swift */,
			);
			path = UI;
			sourceTree = "<group>";
		};
		D858044B2AC7716800AF3F15 /* InfoListingTests */ = {
			isa = PBXGroup;
			children = (
				D85804532AC7717500AF3F15 /* NetworkManagerTest.swift */,
			);
			path = InfoListingTests;
			sourceTree = "<group>";
		};
/* End PBXGroup section */

/* Begin PBXNativeTarget section */
		D85804242AC7412200AF3F15 /* InfoListing */ = {
			isa = PBXNativeTarget;
			buildConfigurationList = D85804332AC7412300AF3F15 /* Build configuration list for PBXNativeTarget "InfoListing" */;
			buildPhases = (
				D85804212AC7412200AF3F15 /* Sources */,
				D85804222AC7412200AF3F15 /* Frameworks */,
				D85804232AC7412200AF3F15 /* Resources */,
			);
			buildRules = (
			);
			dependencies = (
			);
			name = InfoListing;
			productName = InfoListing;
			productReference = D85804252AC7412200AF3F15 /* InfoListing.app */;
			productType = "com.apple.product-type.application";
		};
		D85804492AC7716800AF3F15 /* InfoListingTests */ = {
			isa = PBXNativeTarget;
			buildConfigurationList = D85804502AC7716800AF3F15 /* Build configuration list for PBXNativeTarget "InfoListingTests" */;
			buildPhases = (
				D85804462AC7716800AF3F15 /* Sources */,
				D85804472AC7716800AF3F15 /* Frameworks */,
				D85804482AC7716800AF3F15 /* Resources */,
			);
			buildRules = (
			);
			dependencies = (
				D858044F2AC7716800AF3F15 /* PBXTargetDependency */,
			);
			name = InfoListingTests;
			productName = InfoListingTests;
			productReference = D858044A2AC7716800AF3F15 /* InfoListingTests.xctest */;
			productType = "com.apple.product-type.bundle.unit-test";
		};
/* End PBXNativeTarget section */

/* Begin PBXProject section */
		D858041D2AC7412200AF3F15 /* Project object */ = {
			isa = PBXProject;
			attributes = {
				BuildIndependentTargetsInParallel = 1;
				LastSwiftUpdateCheck = 1500;
				LastUpgradeCheck = 1500;
				TargetAttributes = {
					D85804242AC7412200AF3F15 = {
						CreatedOnToolsVersion = 15.0;
					};
					D85804492AC7716800AF3F15 = {
						CreatedOnToolsVersion = 15.0;
						TestTargetID = D85804242AC7412200AF3F15;
					};
				};
			};
			buildConfigurationList = D85804202AC7412200AF3F15 /* Build configuration list for PBXProject "InfoListing" */;
			compatibilityVersion = "Xcode 14.0";
			developmentRegion = en;
			hasScannedForEncodings = 0;
			knownRegions = (
				en,
				Base,
			);
			mainGroup = D858041C2AC7412200AF3F15;
			productRefGroup = D85804262AC7412200AF3F15 /* Products */;
			projectDirPath = "";
			projectRoot = "";
			targets = (
				D85804242AC7412200AF3F15 /* InfoListing */,
				D85804492AC7716800AF3F15 /* InfoListingTests */,
			);
		};
/* End PBXProject section */

/* Begin PBXResourcesBuildPhase section */
		D85804232AC7412200AF3F15 /* Resources */ = {
			isa = PBXResourcesBuildPhase;
			buildActionMask = 2147483647;
			files = (
				D85804302AC7412300AF3F15 /* Preview Assets.xcassets in Resources */,
				D858042D2AC7412300AF3F15 /* Assets.xcassets in Resources */,
			);
			runOnlyForDeploymentPostprocessing = 0;
		};
		D85804482AC7716800AF3F15 /* Resources */ = {
			isa = PBXResourcesBuildPhase;
			buildActionMask = 2147483647;
			files = (
			);
			runOnlyForDeploymentPostprocessing = 0;
		};
/* End PBXResourcesBuildPhase section */

/* Begin PBXSourcesBuildPhase section */
		D85804212AC7412200AF3F15 /* Sources */ = {
			isa = PBXSourcesBuildPhase;
			buildActionMask = 2147483647;
			files = (
				D858043B2AC7417B00AF3F15 /* NetworkManager.swift in Sources */,
				D858043D2AC742B000AF3F15 /* ListingViewModel.swift in Sources */,
				D858042B2AC7412200AF3F15 /* ListingView.swift in Sources */,
				D85804292AC7412200AF3F15 /* InfoListingApp.swift in Sources */,
				D85804392AC7416500AF3F15 /* InfoItem.swift in Sources */,
			);
			runOnlyForDeploymentPostprocessing = 0;
		};
		D85804462AC7716800AF3F15 /* Sources */ = {
			isa = PBXSourcesBuildPhase;
			buildActionMask = 2147483647;
			files = (
				D85804542AC7717500AF3F15 /* NetworkManagerTest.swift in Sources */,
			);
			runOnlyForDeploymentPostprocessing = 0;
		};
/* End PBXSourcesBuildPhase section */

/* Begin PBXTargetDependency section */
		D858044F2AC7716800AF3F15 /* PBXTargetDependency */ = {
			isa = PBXTargetDependency;
			target = D85804242AC7412200AF3F15 /* InfoListing */;
			targetProxy = D858044E2AC7716800AF3F15 /* PBXContainerItemProxy */;
		};
/* End PBXTargetDependency section */

/* Begin XCBuildConfiguration section */
		D85804312AC7412300AF3F15 /* Debug */ = {
			isa = XCBuildConfiguration;
			buildSettings = {
				ALWAYS_SEARCH_USER_PATHS = NO;
				ASSETCATALOG_COMPILER_GENERATE_SWIFT_ASSET_SYMBOL_EXTENSIONS = YES;
				CLANG_ANALYZER_NONNULL = YES;
				CLANG_ANALYZER_NUMBER_OBJECT_CONVERSION = YES_AGGRESSIVE;
				CLANG_CXX_LANGUAGE_STANDARD = "gnu++20";
				CLANG_ENABLE_MODULES = YES;
				CLANG_ENABLE_OBJC_ARC = YES;
				CLANG_ENABLE_OBJC_WEAK = YES;
				CLANG_WARN_BLOCK_CAPTURE_AUTORELEASING = YES;
				CLANG_WARN_BOOL_CONVERSION = YES;
				CLANG_WARN_COMMA = YES;
				CLANG_WARN_CONSTANT_CONVERSION = YES;
				CLANG_WARN_DEPRECATED_OBJC_IMPLEMENTATIONS = YES;
				CLANG_WARN_DIRECT_OBJC_ISA_USAGE = YES_ERROR;
				CLANG_WARN_DOCUMENTATION_COMMENTS = YES;
				CLANG_WARN_EMPTY_BODY = YES;
				CLANG_WARN_ENUM_CONVERSION = YES;
				CLANG_WARN_INFINITE_RECURSION = YES;
				CLANG_WARN_INT_CONVERSION = YES;
				CLANG_WARN_NON_LITERAL_NULL_CONVERSION = YES;
				CLANG_WARN_OBJC_IMPLICIT_RETAIN_SELF = YES;
				CLANG_WARN_OBJC_LITERAL_CONVERSION = YES;
				CLANG_WARN_OBJC_ROOT_CLASS = YES_ERROR;
				CLANG_WARN_QUOTED_INCLUDE_IN_FRAMEWORK_HEADER = YES;
				CLANG_WARN_RANGE_LOOP_ANALYSIS = YES;
				CLANG_WARN_STRICT_PROTOTYPES = YES;
				CLANG_WARN_SUSPICIOUS_MOVE = YES;
				CLANG_WARN_UNGUARDED_AVAILABILITY = YES_AGGRESSIVE;
				CLANG_WARN_UNREACHABLE_CODE = YES;
				CLANG_WARN__DUPLICATE_METHOD_MATCH = YES;
				COPY_PHASE_STRIP = NO;
				DEBUG_INFORMATION_FORMAT = dwarf;
				ENABLE_STRICT_OBJC_MSGSEND = YES;
				ENABLE_TESTABILITY = YES;
				ENABLE_USER_SCRIPT_SANDBOXING = YES;
				GCC_C_LANGUAGE_STANDARD = gnu17;
				GCC_DYNAMIC_NO_PIC = NO;
				GCC_NO_COMMON_BLOCKS = YES;
				GCC_OPTIMIZATION_LEVEL = 0;
				GCC_PREPROCESSOR_DEFINITIONS = (
					"DEBUG=1",
					"$(inherited)",
				);
				GCC_WARN_64_TO_32_BIT_CONVERSION = YES;
				GCC_WARN_ABOUT_RETURN_TYPE = YES_ERROR;
				GCC_WARN_UNDECLARED_SELECTOR = YES;
				GCC_WARN_UNINITIALIZED_AUTOS = YES_AGGRESSIVE;
				GCC_WARN_UNUSED_FUNCTION = YES;
				GCC_WARN_UNUSED_VARIABLE = YES;
				IPHONEOS_DEPLOYMENT_TARGET = 17.0;
				LOCALIZATION_PREFERS_STRING_CATALOGS = YES;
				MTL_ENABLE_DEBUG_INFO = INCLUDE_SOURCE;
				MTL_FAST_MATH = YES;
				ONLY_ACTIVE_ARCH = YES;
				SDKROOT = iphoneos;
				SWIFT_ACTIVE_COMPILATION_CONDITIONS = "DEBUG $(inherited)";
				SWIFT_OPTIMIZATION_LEVEL = "-Onone";
			};
			name = Debug;
		};
		D85804322AC7412300AF3F15 /* Release */ = {
			isa = XCBuildConfiguration;
			buildSettings = {
				ALWAYS_SEARCH_USER_PATHS = NO;
				ASSETCATALOG_COMPILER_GENERATE_SWIFT_ASSET_SYMBOL_EXTENSIONS = YES;
				CLANG_ANALYZER_NONNULL = YES;
				CLANG_ANALYZER_NUMBER_OBJECT_CONVERSION = YES_AGGRESSIVE;
				CLANG_CXX_LANGUAGE_STANDARD = "gnu++20";
				CLANG_ENABLE_MODULES = YES;
				CLANG_ENABLE_OBJC_ARC = YES;
				CLANG_ENABLE_OBJC_WEAK = YES;
				CLANG_WARN_BLOCK_CAPTURE_AUTORELEASING = YES;
				CLANG_WARN_BOOL_CONVERSION = YES;
				CLANG_WARN_COMMA = YES;
				CLANG_WARN_CONSTANT_CONVERSION = YES;
				CLANG_WARN_DEPRECATED_OBJC_IMPLEMENTATIONS = YES;
				CLANG_WARN_DIRECT_OBJC_ISA_USAGE = YES_ERROR;
				CLANG_WARN_DOCUMENTATION_COMMENTS = YES;
				CLANG_WARN_EMPTY_BODY = YES;
				CLANG_WARN_ENUM_CONVERSION = YES;
				CLANG_WARN_INFINITE_RECURSION = YES;
				CLANG_WARN_INT_CONVERSION = YES;
				CLANG_WARN_NON_LITERAL_NULL_CONVERSION = YES;
				CLANG_WARN_OBJC_IMPLICIT_RETAIN_SELF = YES;
				CLANG_WARN_OBJC_LITERAL_CONVERSION = YES;
				CLANG_WARN_OBJC_ROOT_CLASS = YES_ERROR;
				CLANG_WARN_QUOTED_INCLUDE_IN_FRAMEWORK_HEADER = YES;
				CLANG_WARN_RANGE_LOOP_ANALYSIS = YES;
				CLANG_WARN_STRICT_PROTOTYPES = YES;
				CLANG_WARN_SUSPICIOUS_MOVE = YES;
				CLANG_WARN_UNGUARDED_AVAILABILITY = YES_AGGRESSIVE;
				CLANG_WARN_UNREACHABLE_CODE = YES;
				CLANG_WARN__DUPLICATE_METHOD_MATCH = YES;
				COPY_PHASE_STRIP = NO;
				DEBUG_INFORMATION_FORMAT = "dwarf-with-dsym";
				ENABLE_NS_ASSERTIONS = NO;
				ENABLE_STRICT_OBJC_MSGSEND = YES;
				ENABLE_USER_SCRIPT_SANDBOXING = YES;
				GCC_C_LANGUAGE_STANDARD = gnu17;
				GCC_NO_COMMON_BLOCKS = YES;
				GCC_WARN_64_TO_32_BIT_CONVERSION = YES;
				GCC_WARN_ABOUT_RETURN_TYPE = YES_ERROR;
				GCC_WARN_UNDECLARED_SELECTOR = YES;
				GCC_WARN_UNINITIALIZED_AUTOS = YES_AGGRESSIVE;
				GCC_WARN_UNUSED_FUNCTION = YES;
				GCC_WARN_UNUSED_VARIABLE = YES;
				IPHONEOS_DEPLOYMENT_TARGET = 17.0;
				LOCALIZATION_PREFERS_STRING_CATALOGS = YES;
				MTL_ENABLE_DEBUG_INFO = NO;
				MTL_FAST_MATH = YES;
				SDKROOT = iphoneos;
				SWIFT_COMPILATION_MODE = wholemodule;
				VALIDATE_PRODUCT = YES;
			};
			name = Release;
		};
		D85804342AC7412300AF3F15 /* Debug */ = {
			isa = XCBuildConfiguration;
			buildSettings = {
				ASSETCATALOG_COMPILER_APPICON_NAME = AppIcon;
				ASSETCATALOG_COMPILER_GLOBAL_ACCENT_COLOR_NAME = AccentColor;
				CODE_SIGN_STYLE = Automatic;
				CURRENT_PROJECT_VERSION = 1;
				DEVELOPMENT_ASSET_PATHS = "\"InfoListing/Preview Content\"";
				DEVELOPMENT_TEAM = 7U9WMKVM6V;
				ENABLE_PREVIEWS = YES;
				GENERATE_INFOPLIST_FILE = YES;
				INFOPLIST_KEY_UIApplicationSceneManifest_Generation = YES;
				INFOPLIST_KEY_UIApplicationSupportsIndirectInputEvents = YES;
				INFOPLIST_KEY_UILaunchScreen_Generation = YES;
				INFOPLIST_KEY_UISupportedInterfaceOrientations_iPad = "UIInterfaceOrientationPortrait UIInterfaceOrientationPortraitUpsideDown UIInterfaceOrientationLandscapeLeft UIInterfaceOrientationLandscapeRight";
				INFOPLIST_KEY_UISupportedInterfaceOrientations_iPhone = "UIInterfaceOrientationPortrait UIInterfaceOrientationLandscapeLeft UIInterfaceOrientationLandscapeRight";
				LD_RUNPATH_SEARCH_PATHS = (
					"$(inherited)",
					"@executable_path/Frameworks",
				);
				MARKETING_VERSION = 1.0;
				PRODUCT_BUNDLE_IDENTIFIER = com.gefeishen.InfoListing;
				PRODUCT_NAME = "$(TARGET_NAME)";
				SWIFT_EMIT_LOC_STRINGS = YES;
				SWIFT_VERSION = 5.0;
				TARGETED_DEVICE_FAMILY = "1,2";
			};
			name = Debug;
		};
		D85804352AC7412300AF3F15 /* Release */ = {
			isa = XCBuildConfiguration;
			buildSettings = {
				ASSETCATALOG_COMPILER_APPICON_NAME = AppIcon;
				ASSETCATALOG_COMPILER_GLOBAL_ACCENT_COLOR_NAME = AccentColor;
				CODE_SIGN_STYLE = Automatic;
				CURRENT_PROJECT_VERSION = 1;
				DEVELOPMENT_ASSET_PATHS = "\"InfoListing/Preview Content\"";
				DEVELOPMENT_TEAM = 7U9WMKVM6V;
				ENABLE_PREVIEWS = YES;
				GENERATE_INFOPLIST_FILE = YES;
				INFOPLIST_KEY_UIApplicationSceneManifest_Generation = YES;
				INFOPLIST_KEY_UIApplicationSupportsIndirectInputEvents = YES;
				INFOPLIST_KEY_UILaunchScreen_Generation = YES;
				INFOPLIST_KEY_UISupportedInterfaceOrientations_iPad = "UIInterfaceOrientationPortrait UIInterfaceOrientationPortraitUpsideDown UIInterfaceOrientationLandscapeLeft UIInterfaceOrientationLandscapeRight";
				INFOPLIST_KEY_UISupportedInterfaceOrientations_iPhone = "UIInterfaceOrientationPortrait UIInterfaceOrientationLandscapeLeft UIInterfaceOrientationLandscapeRight";
				LD_RUNPATH_SEARCH_PATHS = (
					"$(inherited)",
					"@executable_path/Frameworks",
				);
				MARKETING_VERSION = 1.0;
				PRODUCT_BUNDLE_IDENTIFIER = com.gefeishen.InfoListing;
				PRODUCT_NAME = "$(TARGET_NAME)";
				SWIFT_EMIT_LOC_STRINGS = YES;
				SWIFT_VERSION = 5.0;
				TARGETED_DEVICE_FAMILY = "1,2";
			};
			name = Release;
		};
		D85804512AC7716800AF3F15 /* Debug */ = {
			isa = XCBuildConfiguration;
			buildSettings = {
				BUNDLE_LOADER = "$(TEST_HOST)";
				CODE_SIGN_STYLE = Automatic;
				CURRENT_PROJECT_VERSION = 1;
				DEVELOPMENT_TEAM = 7U9WMKVM6V;
				GENERATE_INFOPLIST_FILE = YES;
				MARKETING_VERSION = 1.0;
				PRODUCT_BUNDLE_IDENTIFIER = com.gefeishen.InfoListingTests;
				PRODUCT_NAME = "$(TARGET_NAME)";
				SWIFT_EMIT_LOC_STRINGS = NO;
				SWIFT_VERSION = 5.0;
				TARGETED_DEVICE_FAMILY = "1,2";
				TEST_HOST = "$(BUILT_PRODUCTS_DIR)/InfoListing.app/$(BUNDLE_EXECUTABLE_FOLDER_PATH)/InfoListing";
			};
			name = Debug;
		};
		D85804522AC7716800AF3F15 /* Release */ = {
			isa = XCBuildConfiguration;
			buildSettings = {
				BUNDLE_LOADER = "$(TEST_HOST)";
				CODE_SIGN_STYLE = Automatic;
				CURRENT_PROJECT_VERSION = 1;
				DEVELOPMENT_TEAM = 7U9WMKVM6V;
				GENERATE_INFOPLIST_FILE = YES;
				MARKETING_VERSION = 1.0;
				PRODUCT_BUNDLE_IDENTIFIER = com.gefeishen.InfoListingTests;
				PRODUCT_NAME = "$(TARGET_NAME)";
				SWIFT_EMIT_LOC_STRINGS = NO;
				SWIFT_VERSION = 5.0;
				TARGETED_DEVICE_FAMILY = "1,2";
				TEST_HOST = "$(BUILT_PRODUCTS_DIR)/InfoListing.app/$(BUNDLE_EXECUTABLE_FOLDER_PATH)/InfoListing";
			};
			name = Release;
		};
/* End XCBuildConfiguration section */

/* Begin XCConfigurationList section */
		D85804202AC7412200AF3F15 /* Build configuration list for PBXProject "InfoListing" */ = {
			isa = XCConfigurationList;
			buildConfigurations = (
				D85804312AC7412300AF3F15 /* Debug */,
				D85804322AC7412300AF3F15 /* Release */,
			);
			defaultConfigurationIsVisible = 0;
			defaultConfigurationName = Release;
		};
		D85804332AC7412300AF3F15 /* Build configuration list for PBXNativeTarget "InfoListing" */ = {
			isa = XCConfigurationList;
			buildConfigurations = (
				D85804342AC7412300AF3F15 /* Debug */,
				D85804352AC7412300AF3F15 /* Release */,
			);
			defaultConfigurationIsVisible = 0;
			defaultConfigurationName = Release;
		};
		D85804502AC7716800AF3F15 /* Build configuration list for PBXNativeTarget "InfoListingTests" */ = {
			isa = XCConfigurationList;
			buildConfigurations = (
				D85804512AC7716800AF3F15 /* Debug */,
				D85804522AC7716800AF3F15 /* Release */,
			);
			defaultConfigurationIsVisible = 0;
			defaultConfigurationName = Release;
		};
/* End XCConfigurationList section */
	};
	rootObject = D858041D2AC7412200AF3F15 /* Project object */;
}
